# THIS IS AN AUTOGENERATED FILE. DO NOT EDIT THIS FILE DIRECTLY.
# yarn lockfile v1


tslib@^1.8.1:
  version "1.9.3"
  resolved "http://registry.npm.taobao.org/tslib/download/tslib-1.9.3.tgz?cache=0&other_urls=http%3A%2F%2Fregistry.npm.taobao.org%2Ftslib%2Fdownload%2Ftslib-1.9.3.tgz#d7e4dd79245d85428c4d7e4822a79917954ca286"
  integrity sha1-1+TdeSRdhUKMTX5IIqeZF5VMooY=

tslint-config-prettier@1.10.0:
  version "1.10.0"
  resolved "http://registry.npm.taobao.org/tslint-config-prettier/download/tslint-config-prettier-1.10.0.tgz#5063c413d43de4f6988c73727f65ecfc239054ec"
  integrity sha1-UGPEE9Q95PaYjHNyf2Xs/COQVOw=

tslint-react@3.6.0:
  version "3.6.0"
  resolved "http://registry.npm.taobao.org/tslint-react/download/tslint-react-3.6.0.tgz#7f462c95c4a0afaae82507f06517ff02942196a1"
  integrity sha1-f0YslcSgr6roJQfwZRf/ApQhlqE=
  dependencies:
    tsutils "^2.13.1"

tsutils@^2.13.1:
  version "2.29.0"
  resolved "http://registry.npm.taobao.org/tsutils/download/tsutils-2.29.0.tgz#32b488501467acbedd4b85498673a0812aca0b99"
  integrity sha1-MrSIUBRnrL7dS4VJhnOggSrKC5k=
  dependencies:
    tslib "^1.8.1"
